
Microsoft Visual Studio Solution File, Format Version 12.00
# Visual Studio Version 17
VisualStudioVersion = 17.2.32526.322
MinimumVisualStudioVersion = 10.0.40219.1
Project("{FAE04EC0-301F-11D3-BF4B-00C04F79EFBC}") = "OnlineShopAdmin", "OnlineShopAdmin.csproj", "{7626172B-C674-4763-8FC4-1A3F0C4185B9}"
EndProject
Project("{FAE04EC0-301F-11D3-BF4B-00C04F79EFBC}") = "OnlineShopAdmin.DataAccess", "..\OnlineShopAdmin.DataAccess\OnlineShopAdmin.DataAccess.csproj", "{5D379605-A70B-44C4-9E2C-904C6EA00FB5}"
EndProject
Global
	GlobalSection(SolutionConfigurationPlatforms) = preSolution
		Debug|Any CPU = Debug|Any CPU
		Release|Any CPU = Release|Any CPU
	EndGlobalSection
	GlobalSection(ProjectConfigurationPlatforms) = postSolution
		{7626172B-C674-4763-8FC4-1A3F0C4185B9}.Debug|Any CPU.ActiveCfg = Debug|Any CPU
		{7626172B-C674-4763-8FC4-1A3F0C4185B9}.Debug|Any CPU.Build.0 = Debug|Any CPU
		{7626172B-C674-4763-8FC4-1A3F0C4185B9}.Release|Any CPU.ActiveCfg = Release|Any CPU
		{7626172B-C674-4763-8FC4-1A3F0C4185B9}.Release|Any CPU.Build.0 = Release|Any CPU
		{5D379605-A70B-44C4-9E2C-904C6EA00FB5}.Debug|Any CPU.ActiveCfg = Debug|Any CPU
		{5D379605-A70B-44C4-9E2C-904C6EA00FB5}.Debug|Any CPU.Build.0 = Debug|Any CPU
		{5D379605-A70B-44C4-9E2C-904C6EA00FB5}.Release|Any CPU.ActiveCfg = Release|Any CPU
		{5D379605-A70B-44C4-9E2C-904C6EA00FB5}.Release|Any CPU.Build.0 = Release|Any CPU
	EndGlobalSection
	GlobalSection(SolutionProperties) = preSolution
		HideSolutionNode = FALSE
	EndGlobalSection
	GlobalSection(ExtensibilityGlobals) = postSolution
		SolutionGuid = {0A2DB181-E531-4404-88FA-32E8EDC8454E}
	EndGlobalSection
EndGlobal
