
Microsoft Visual Studio Solution File, Format Version 12.00
# Visual Studio Version 17
VisualStudioVersion = 17.2.32526.322
MinimumVisualStudioVersion = 10.0.40219.1
Project("{9A19103F-16F7-4668-BE54-9A1E7A4F7556}") = "OnlineShopAdmin", "OnlineShopAdmin.Api\OnlineShopAdmin.csproj", "{67FA8E6B-D222-44EB-A73E-7F73EB79E420}"
EndProject
Project("{9A19103F-16F7-4668-BE54-9A1E7A4F7556}") = "OnlineShopAdmin.DataAccess", "OnlineShopAdmin.DataAccess\OnlineShopAdmin.DataAccess.csproj", "{1AE706FB-E3EF-4231-A1A6-D09DEEFEBE6C}"
EndProject
Project("{FAE04EC0-301F-11D3-BF4B-00C04F79EFBC}") = "OnlineShopAdmin.Common", "OnlineShopAdmin.Common\OnlineShopAdmin.Common.csproj", "{A679B686-C5EE-4A96-B316-933B96C6578A}"
EndProject
Global
	GlobalSection(SolutionConfigurationPlatforms) = preSolution
		Debug|Any CPU = Debug|Any CPU
		Release|Any CPU = Release|Any CPU
	EndGlobalSection
	GlobalSection(ProjectConfigurationPlatforms) = postSolution
		{67FA8E6B-D222-44EB-A73E-7F73EB79E420}.Debug|Any CPU.ActiveCfg = Debug|Any CPU
		{67FA8E6B-D222-44EB-A73E-7F73EB79E420}.Debug|Any CPU.Build.0 = Debug|Any CPU
		{67FA8E6B-D222-44EB-A73E-7F73EB79E420}.Release|Any CPU.ActiveCfg = Release|Any CPU
		{67FA8E6B-D222-44EB-A73E-7F73EB79E420}.Release|Any CPU.Build.0 = Release|Any CPU
		{1AE706FB-E3EF-4231-A1A6-D09DEEFEBE6C}.Debug|Any CPU.ActiveCfg = Debug|Any CPU
		{1AE706FB-E3EF-4231-A1A6-D09DEEFEBE6C}.Debug|Any CPU.Build.0 = Debug|Any CPU
		{1AE706FB-E3EF-4231-A1A6-D09DEEFEBE6C}.Release|Any CPU.ActiveCfg = Release|Any CPU
		{1AE706FB-E3EF-4231-A1A6-D09DEEFEBE6C}.Release|Any CPU.Build.0 = Release|Any CPU
		{A679B686-C5EE-4A96-B316-933B96C6578A}.Debug|Any CPU.ActiveCfg = Debug|Any CPU
		{A679B686-C5EE-4A96-B316-933B96C6578A}.Debug|Any CPU.Build.0 = Debug|Any CPU
		{A679B686-C5EE-4A96-B316-933B96C6578A}.Release|Any CPU.ActiveCfg = Release|Any CPU
		{A679B686-C5EE-4A96-B316-933B96C6578A}.Release|Any CPU.Build.0 = Release|Any CPU
	EndGlobalSection
	GlobalSection(SolutionProperties) = preSolution
		HideSolutionNode = FALSE
	EndGlobalSection
	GlobalSection(ExtensibilityGlobals) = postSolution
		SolutionGuid = {0A2DB181-E531-4404-88FA-32E8EDC8454E}
	EndGlobalSection
EndGlobal
